
Microsoft Visual Studio Solution File, Format Version 12.00
# Visual Studio Version 16
VisualStudioVersion = 16.0.29409.12
MinimumVisualStudioVersion = 10.0.40219.1
Project("{9A19103F-16F7-4668-BE54-9A1E7A4F7556}") = "Distribuerade-System-Labb-2", "Distribuerade-System-Labb-2.csproj", "{9DFF9FBF-B19D-444D-9240-825D012980E5}"
EndProject
Global
	GlobalSection(SolutionConfigurationPlatforms) = preSolution
		Debug|Any CPU = Debug|Any CPU
		Release|Any CPU = Release|Any CPU
	EndGlobalSection
	GlobalSection(ProjectConfigurationPlatforms) = postSolution
		{9DFF9FBF-B19D-444D-9240-825D012980E5}.Debug|Any CPU.ActiveCfg = Debug|Any CPU
		{9DFF9FBF-B19D-444D-9240-825D012980E5}.Debug|Any CPU.Build.0 = Debug|Any CPU
		{9DFF9FBF-B19D-444D-9240-825D012980E5}.Release|Any CPU.ActiveCfg = Release|Any CPU
		{9DFF9FBF-B19D-444D-9240-825D012980E5}.Release|Any CPU.Build.0 = Release|Any CPU
	EndGlobalSection
	GlobalSection(SolutionProperties) = preSolution
		HideSolutionNode = FALSE
	EndGlobalSection
	GlobalSection(ExtensibilityGlobals) = postSolution
		SolutionGuid = {DB9C005D-078F-4531-B31B-6398B486F1B0}
	EndGlobalSection
EndGlobal
