
Microsoft Visual Studio Solution File, Format Version 12.00
# Visual Studio Version 16
VisualStudioVersion = 16.0.29409.12
MinimumVisualStudioVersion = 10.0.40219.1
Project("{9A19103F-16F7-4668-BE54-9A1E7A4F7556}") = "Distribuerade-System-Labb-2", "Distribuerade-System-Labb-2.csproj", "{4F0D40DD-6257-438A-B81B-11886AFC9886}"
EndProject
Project("{FAE04EC0-301F-11D3-BF4B-00C04F79EFBC}") = "DataAcces", "..\DataAcces\DataAcces.csproj", "{CDEEDDC9-80CA-4D25-A1E7-958430118FE9}"
EndProject
Project("{FAE04EC0-301F-11D3-BF4B-00C04F79EFBC}") = "BusinessLogic", "..\BusinessLogic\BusinessLogic.csproj", "{563B4495-8975-4D5E-BC0A-BB8E539A3156}"
EndProject
Global
	GlobalSection(SolutionConfigurationPlatforms) = preSolution
		Debug|Any CPU = Debug|Any CPU
		Release|Any CPU = Release|Any CPU
	EndGlobalSection
	GlobalSection(ProjectConfigurationPlatforms) = postSolution
		{4F0D40DD-6257-438A-B81B-11886AFC9886}.Debug|Any CPU.ActiveCfg = Debug|Any CPU
		{4F0D40DD-6257-438A-B81B-11886AFC9886}.Debug|Any CPU.Build.0 = Debug|Any CPU
		{4F0D40DD-6257-438A-B81B-11886AFC9886}.Release|Any CPU.ActiveCfg = Release|Any CPU
		{4F0D40DD-6257-438A-B81B-11886AFC9886}.Release|Any CPU.Build.0 = Release|Any CPU
		{CDEEDDC9-80CA-4D25-A1E7-958430118FE9}.Debug|Any CPU.ActiveCfg = Debug|Any CPU
		{CDEEDDC9-80CA-4D25-A1E7-958430118FE9}.Debug|Any CPU.Build.0 = Debug|Any CPU
		{CDEEDDC9-80CA-4D25-A1E7-958430118FE9}.Release|Any CPU.ActiveCfg = Release|Any CPU
		{CDEEDDC9-80CA-4D25-A1E7-958430118FE9}.Release|Any CPU.Build.0 = Release|Any CPU
		{563B4495-8975-4D5E-BC0A-BB8E539A3156}.Debug|Any CPU.ActiveCfg = Debug|Any CPU
		{563B4495-8975-4D5E-BC0A-BB8E539A3156}.Debug|Any CPU.Build.0 = Debug|Any CPU
		{563B4495-8975-4D5E-BC0A-BB8E539A3156}.Release|Any CPU.ActiveCfg = Release|Any CPU
		{563B4495-8975-4D5E-BC0A-BB8E539A3156}.Release|Any CPU.Build.0 = Release|Any CPU
	EndGlobalSection
	GlobalSection(SolutionProperties) = preSolution
		HideSolutionNode = FALSE
	EndGlobalSection
	GlobalSection(ExtensibilityGlobals) = postSolution
		SolutionGuid = {EE048717-24DD-4A5E-8E1E-1D6A31FC33F5}
	EndGlobalSection
EndGlobal
